{
  "name": "MMM-RTSP2WebRTC",
  "version": "2.1.0",
  "lockfileVersion": 2,
  "requires": true,
  "packages": {
    "": {
      "name": "MMM-RTSP2WebRTC",
      "version": "2.1.0",
      "license": "MIT",
      "dependencies": {
        "@fortawesome/fontawesome-free": "^6.4.0"
      },
      "devDependencies": {
        "prettier": "^2.8.4"
      }
    },
    "node_modules/@fortawesome/fontawesome-free": {
      "version": "6.4.0",
      "resolved": "https://registry.npmjs.org/@fortawesome/fontawesome-free/-/fontawesome-free-6.4.0.tgz",
      "integrity": "sha512-0NyytTlPJwB/BF5LtRV8rrABDbe3TdTXqNB3PdZ+UUUZAEIrdOJdmABqKjt4AXwIoJNaRVVZEXxpNrqvE1GAYQ==",
      "hasInstallScript": true,
      "engines": {
        "node": ">=6"
      }
    },
    "node_modules/prettier": {
      "version": "2.8.8",
      "resolved": "https://registry.npmjs.org/prettier/-/prettier-2.8.8.tgz",
      "integrity": "sha512-tdN8qQGvNjw4CHbY+XXk0JgCXn9QiF21a55rBe5LJAU+kDyC4WQn4+awm2Xfk2lQMk5fKup9XgzTZtGkjBdP9Q==",
      "dev": true,
      "bin": {
        "prettier": "bin-prettier.js"
      },
      "engines": {
        "node": ">=10.13.0"
      },
      "funding": {
        "url": "https://github.com/prettier/prettier?sponsor=1"
      }
    }
  },
  "dependencies": {
    "@fortawesome/fontawesome-free": {
      "version": "6.4.0",
      "resolved": "https://registry.npmjs.org/@fortawesome/fontawesome-free/-/fontawesome-free-6.4.0.tgz",
      "integrity": "sha512-0NyytTlPJwB/BF5LtRV8rrABDbe3TdTXqNB3PdZ+UUUZAEIrdOJdmABqKjt4AXwIoJNaRVVZEXxpNrqvE1GAYQ=="
    },
    "prettier": {
      "version": "2.8.8",
      "resolved": "https://registry.npmjs.org/prettier/-/prettier-2.8.8.tgz",
      "integrity": "sha512-tdN8qQGvNjw4CHbY+XXk0JgCXn9QiF21a55rBe5LJAU+kDyC4WQn4+awm2Xfk2lQMk5fKup9XgzTZtGkjBdP9Q==",
      "dev": true
    }
  }
}
